// !$*UTF8*$!
{
	archiveVersion = 1;
	classes = {
	};
	objectVersion = 46;
	objects = {

/* Begin PBXBuildFile section */
		81C854FB1F4F4B67009B24A8 /* AppDelegate.swift in Sources */ = {isa = PBXBuildFile; fileRef = 81C854FA1F4F4B67009B24A8 /* AppDelegate.swift */; };
		81C854FD1F4F4B67009B24A8 /* ViewController.swift in Sources */ = {isa = PBXBuildFile; fileRef = 81C854FC1F4F4B67009B24A8 /* ViewController.swift */; };
		81C855001F4F4B67009B24A8 /* Main.storyboard in Resources */ = {isa = PBXBuildFile; fileRef = 81C854FE1F4F4B67009B24A8 /* Main.storyboard */; };
		81C855031F4F4B67009B24A8 /* ZoomInTest.xcdatamodeld in Sources */ = {isa = PBXBuildFile; fileRef = 81C855011F4F4B67009B24A8 /* ZoomInTest.xcdatamodeld */; };
		81C855051F4F4B67009B24A8 /* Assets.xcassets in Resources */ = {isa = PBXBuildFile; fileRef = 81C855041F4F4B67009B24A8 /* Assets.xcassets */; };
		81C855081F4F4B67009B24A8 /* LaunchScreen.storyboard in Resources */ = {isa = PBXBuildFile; fileRef = 81C855061F4F4B67009B24A8 /* LaunchScreen.storyboard */; };
/* End PBXBuildFile section */

/* Begin PBXFileReference section */
		81C854F71F4F4B67009B24A8 /* ZoomInTest.app */ = {isa = PBXFileReference; explicitFileType = wrapper.application; includeInIndex = 0; path = ZoomInTest.app; sourceTree = BUILT_PRODUCTS_DIR; };
		81C854FA1F4F4B67009B24A8 /* AppDelegate.swift */ = {isa = PBXFileReference; lastKnownFileType = sourcecode.swift; path = AppDelegate.swift; sourceTree = "<group>"; };
		81C854FC1F4F4B67009B24A8 /* ViewController.swift */ = {isa = PBXFileReference; lastKnownFileType = sourcecode.swift; path = ViewController.swift; sourceTree = "<group>"; };
		81C854FF1F4F4B67009B24A8 /* Base */ = {isa = PBXFileReference; lastKnownFileType = file.storyboard; name = Base; path = Base.lproj/Main.storyboard; sourceTree = "<group>"; };
		81C855021F4F4B67009B24A8 /* ZoomInTest.xcdatamodel */ = {isa = PBXFileReference; lastKnownFileType = wrapper.xcdatamodel; path = ZoomInTest.xcdatamodel; sourceTree = "<group>"; };
		81C855041F4F4B67009B24A8 /* Assets.xcassets */ = {isa = PBXFileReference; lastKnownFileType = folder.assetcatalog; path = Assets.xcassets; sourceTree = "<group>"; };
		81C855071F4F4B67009B24A8 /* Base */ = {isa = PBXFileReference; lastKnownFileType = file.storyboard; name = Base; path = Base.lproj/LaunchScreen.storyboard; sourceTree = "<group>"; };
		81C855091F4F4B67009B24A8 /* Info.plist */ = {isa = PBXFileReference; lastKnownFileType = text.plist.xml; path = Info.plist; sourceTree = "<group>"; };
/* End PBXFileReference section */

/* Begin PBXFrameworksBuildPhase section */
		81C854F41F4F4B67009B24A8 /* Frameworks */ = {
			isa = PBXFrameworksBuildPhase;
			buildActionMask = 2147483647;
			files = (
			);
			runOnlyForDeploymentPostprocessing = 0;
		};
/* End PBXFrameworksBuildPhase section */

/* Begin PBXGroup section */
		81C854EE1F4F4B67009B24A8 = {
			isa = PBXGroup;
			children = (
				81C854F91F4F4B67009B24A8 /* ZoomInTest */,
				81C854F81F4F4B67009B24A8 /* Products */,
			);
			sourceTree = "<group>";
		};
		81C854F81F4F4B67009B24A8 /* Products */ = {
			isa = PBXGroup;
			children = (
				81C854F71F4F4B67009B24A8 /* ZoomInTest.app */,
			);
			name = Products;
			sourceTree = "<group>";
		};
		81C854F91F4F4B67009B24A8 /* ZoomInTest */ = {
			isa = PBXGroup;
			children = (
				81C854FA1F4F4B67009B24A8 /* AppDelegate.swift */,
				81C854FC1F4F4B67009B24A8 /* ViewController.swift */,
				81C854FE1F4F4B67009B24A8 /* Main.storyboard */,
				81C855041F4F4B67009B24A8 /* Assets.xcassets */,
				81C855061F4F4B67009B24A8 /* LaunchScreen.storyboard */,
				81C855091F4F4B67009B24A8 /* Info.plist */,
				81C855011F4F4B67009B24A8 /* ZoomInTest.xcdatamodeld */,
			);
			path = ZoomInTest;
			sourceTree = "<group>";
		};
/* End PBXGroup section */

/* Begin PBXNativeTarget section */
		81C854F61F4F4B67009B24A8 /* ZoomInTest */ = {
			isa = PBXNativeTarget;
			buildConfigurationList = 81C8550C1F4F4B67009B24A8 /* Build configuration list for PBXNativeTarget "ZoomInTest" */;
			buildPhases = (
				81C854F31F4F4B67009B24A8 /* Sources */,
				81C854F41F4F4B67009B24A8 /* Frameworks */,
				81C854F51F4F4B67009B24A8 /* Resources */,
			);
			buildRules = (
			);
			dependencies = (
			);
			name = ZoomInTest;
			productName = ZoomInTest;
			productReference = 81C854F71F4F4B67009B24A8 /* ZoomInTest.app */;
			productType = "com.apple.product-type.application";
		};
/* End PBXNativeTarget section */

/* Begin PBXProject section */
		81C854EF1F4F4B67009B24A8 /* Project object */ = {
			isa = PBXProject;
			attributes = {
				LastSwiftUpdateCheck = 0830;
				LastUpgradeCheck = 0830;
				ORGANIZATIONNAME = "Chris Cantley";
				TargetAttributes = {
					81C854F61F4F4B67009B24A8 = {
						CreatedOnToolsVersion = 8.3.3;
						DevelopmentTeam = 38RU3JU8KE;
						ProvisioningStyle = Automatic;
					};
				};
			};
			buildConfigurationList = 81C854F21F4F4B67009B24A8 /* Build configuration list for PBXProject "ZoomInTest" */;
			compatibilityVersion = "Xcode 3.2";
			developmentRegion = English;
			hasScannedForEncodings = 0;
			knownRegions = (
				en,
				Base,
			);
			mainGroup = 81C854EE1F4F4B67009B24A8;
			productRefGroup = 81C854F81F4F4B67009B24A8 /* Products */;
			projectDirPath = "";
			projectRoot = "";
			targets = (
				81C854F61F4F4B67009B24A8 /* ZoomInTest */,
			);
		};
/* End PBXProject section */

/* Begin PBXResourcesBuildPhase section */
		81C854F51F4F4B67009B24A8 /* Resources */ = {
			isa = PBXResourcesBuildPhase;
			buildActionMask = 2147483647;
			files = (
				81C855081F4F4B67009B24A8 /* LaunchScreen.storyboard in Resources */,
				81C855051F4F4B67009B24A8 /* Assets.xcassets in Resources */,
				81C855001F4F4B67009B24A8 /* Main.storyboard in Resources */,
			);
			runOnlyForDeploymentPostprocessing = 0;
		};
/* End PBXResourcesBuildPhase section */

/* Begin PBXSourcesBuildPhase section */
		81C854F31F4F4B67009B24A8 /* Sources */ = {
			isa = PBXSourcesBuildPhase;
			buildActionMask = 2147483647;
			files = (
				81C854FD1F4F4B67009B24A8 /* ViewController.swift in Sources */,
				81C855031F4F4B67009B24A8 /* ZoomInTest.xcdatamodeld in Sources */,
				81C854FB1F4F4B67009B24A8 /* AppDelegate.swift in Sources */,
			);
			runOnlyForDeploymentPostprocessing = 0;
		};
/* End PBXSourcesBuildPhase section */

/* Begin PBXVariantGroup section */
		81C854FE1F4F4B67009B24A8 /* Main.storyboard */ = {
			isa = PBXVariantGroup;
			children = (
				81C854FF1F4F4B67009B24A8 /* Base */,
			);
			name = Main.storyboard;
			sourceTree = "<group>";
		};
		81C855061F4F4B67009B24A8 /* LaunchScreen.storyboard */ = {
			isa = PBXVariantGroup;
			children = (
				81C855071F4F4B67009B24A8 /* Base */,
			);
			name = LaunchScreen.storyboard;
			sourceTree = "<group>";
		};
/* End PBXVariantGroup section */

/* Begin XCBuildConfiguration section */
		81C8550A1F4F4B67009B24A8 /* Debug */ = {
			isa = XCBuildConfiguration;
			buildSettings = {
				ALWAYS_SEARCH_USER_PATHS = NO;
				CLANG_ANALYZER_NONNULL = YES;
				CLANG_ANALYZER_NUMBER_OBJECT_CONVERSION = YES_AGGRESSIVE;
				CLANG_CXX_LANGUAGE_STANDARD = "gnu++0x";
				CLANG_CXX_LIBRARY = "libc++";
				CLANG_ENABLE_MODULES = YES;
				CLANG_ENABLE_OBJC_ARC = YES;
				CLANG_WARN_BOOL_CONVERSION = YES;
				CLANG_WARN_CONSTANT_CONVERSION = YES;
				CLANG_WARN_DIRECT_OBJC_ISA_USAGE = YES_ERROR;
				CLANG_WARN_DOCUMENTATION_COMMENTS = YES;
				CLANG_WARN_EMPTY_BODY = YES;
				CLANG_WARN_ENUM_CONVERSION = YES;
				CLANG_WARN_INFINITE_RECURSION = YES;
				CLANG_WARN_INT_CONVERSION = YES;
				CLANG_WARN_OBJC_ROOT_CLASS = YES_ERROR;
				CLANG_WARN_SUSPICIOUS_MOVE = YES;
				CLANG_WARN_UNREACHABLE_CODE = YES;
				CLANG_WARN__DUPLICATE_METHOD_MATCH = YES;
				"CODE_SIGN_IDENTITY[sdk=iphoneos*]" = "iPhone Developer";
				COPY_PHASE_STRIP = NO;
				DEBUG_INFORMATION_FORMAT = dwarf;
				ENABLE_STRICT_OBJC_MSGSEND = YES;
				ENABLE_TESTABILITY = YES;
				GCC_C_LANGUAGE_STANDARD = gnu99;
				GCC_DYNAMIC_NO_PIC = NO;
				GCC_NO_COMMON_BLOCKS = YES;
				GCC_OPTIMIZATION_LEVEL = 0;
				GCC_PREPROCESSOR_DEFINITIONS = (
					"DEBUG=1",
					"$(inherited)",
				);
				GCC_WARN_64_TO_32_BIT_CONVERSION = YES;
				GCC_WARN_ABOUT_RETURN_TYPE = YES_ERROR;
				GCC_WARN_UNDECLARED_SELECTOR = YES;
				GCC_WARN_UNINITIALIZED_AUTOS = YES_AGGRESSIVE;
				GCC_WARN_UNUSED_FUNCTION = YES;
				GCC_WARN_UNUSED_VARIABLE = YES;
				IPHONEOS_DEPLOYMENT_TARGET = 10.3;
				MTL_ENABLE_DEBUG_INFO = YES;
				ONLY_ACTIVE_ARCH = YES;
				SDKROOT = iphoneos;
				SWIFT_ACTIVE_COMPILATION_CONDITIONS = DEBUG;
				SWIFT_OPTIMIZATION_LEVEL = "-Onone";
				TARGETED_DEVICE_FAMILY = "1,2";
			};
			name = Debug;
		};
		81C8550B1F4F4B67009B24A8 /* Release */ = {
			isa = XCBuildConfiguration;
			buildSettings = {
				ALWAYS_SEARCH_USER_PATHS = NO;
				CLANG_ANALYZER_NONNULL = YES;
				CLANG_ANALYZER_NUMBER_OBJECT_CONVERSION = YES_AGGRESSIVE;
				CLANG_CXX_LANGUAGE_STANDARD = "gnu++0x";
				CLANG_CXX_LIBRARY = "libc++";
				CLANG_ENABLE_MODULES = YES;
				CLANG_ENABLE_OBJC_ARC = YES;
				CLANG_WARN_BOOL_CONVERSION = YES;
				CLANG_WARN_CONSTANT_CONVERSION = YES;
				CLANG_WARN_DIRECT_OBJC_ISA_USAGE = YES_ERROR;
				CLANG_WARN_DOCUMENTATION_COMMENTS = YES;
				CLANG_WARN_EMPTY_BODY = YES;
				CLANG_WARN_ENUM_CONVERSION = YES;
				CLANG_WARN_INFINITE_RECURSION = YES;
				CLANG_WARN_INT_CONVERSION = YES;
				CLANG_WARN_OBJC_ROOT_CLASS = YES_ERROR;
				CLANG_WARN_SUSPICIOUS_MOVE = YES;
				CLANG_WARN_UNREACHABLE_CODE = YES;
				CLANG_WARN__DUPLICATE_METHOD_MATCH = YES;
				"CODE_SIGN_IDENTITY[sdk=iphoneos*]" = "iPhone Developer";
				COPY_PHASE_STRIP = NO;
				DEBUG_INFORMATION_FORMAT = "dwarf-with-dsym";
				ENABLE_NS_ASSERTIONS = NO;
				ENABLE_STRICT_OBJC_MSGSEND = YES;
				GCC_C_LANGUAGE_STANDARD = gnu99;
				GCC_NO_COMMON_BLOCKS = YES;
				GCC_WARN_64_TO_32_BIT_CONVERSION = YES;
				GCC_WARN_ABOUT_RETURN_TYPE = YES_ERROR;
				GCC_WARN_UNDECLARED_SELECTOR = YES;
				GCC_WARN_UNINITIALIZED_AUTOS = YES_AGGRESSIVE;
				GCC_WARN_UNUSED_FUNCTION = YES;
				GCC_WARN_UNUSED_VARIABLE = YES;
				IPHONEOS_DEPLOYMENT_TARGET = 10.3;
				MTL_ENABLE_DEBUG_INFO = NO;
				SDKROOT = iphoneos;
				SWIFT_OPTIMIZATION_LEVEL = "-Owholemodule";
				TARGETED_DEVICE_FAMILY = "1,2";
				VALIDATE_PRODUCT = YES;
			};
			name = Release;
		};
		81C8550D1F4F4B67009B24A8 /* Debug */ = {
			isa = XCBuildConfiguration;
			buildSettings = {
				ASSETCATALOG_COMPILER_APPICON_NAME = AppIcon;
				DEVELOPMENT_TEAM = 38RU3JU8KE;
				INFOPLIST_FILE = ZoomInTest/Info.plist;
				LD_RUNPATH_SEARCH_PATHS = "$(inherited) @executable_path/Frameworks";
				PRODUCT_BUNDLE_IDENTIFIER = dev.claytonhomes.ZoomInTest;
				PRODUCT_NAME = "$(TARGET_NAME)";
				SWIFT_VERSION = 3.0;
			};
			name = Debug;
		};
		81C8550E1F4F4B67009B24A8 /* Release */ = {
			isa = XCBuildConfiguration;
			buildSettings = {
				ASSETCATALOG_COMPILER_APPICON_NAME = AppIcon;
				DEVELOPMENT_TEAM = 38RU3JU8KE;
				INFOPLIST_FILE = ZoomInTest/Info.plist;
				LD_RUNPATH_SEARCH_PATHS = "$(inherited) @executable_path/Frameworks";
				PRODUCT_BUNDLE_IDENTIFIER = dev.claytonhomes.ZoomInTest;
				PRODUCT_NAME = "$(TARGET_NAME)";
				SWIFT_VERSION = 3.0;
			};
			name = Release;
		};
/* End XCBuildConfiguration section */

/* Begin XCConfigurationList section */
		81C854F21F4F4B67009B24A8 /* Build configuration list for PBXProject "ZoomInTest" */ = {
			isa = XCConfigurationList;
			buildConfigurations = (
				81C8550A1F4F4B67009B24A8 /* Debug */,
				81C8550B1F4F4B67009B24A8 /* Release */,
			);
			defaultConfigurationIsVisible = 0;
			defaultConfigurationName = Release;
		};
		81C8550C1F4F4B67009B24A8 /* Build configuration list for PBXNativeTarget "ZoomInTest" */ = {
			isa = XCConfigurationList;
			buildConfigurations = (
				81C8550D1F4F4B67009B24A8 /* Debug */,
				81C8550E1F4F4B67009B24A8 /* Release */,
			);
			defaultConfigurationIsVisible = 0;
		};
/* End XCConfigurationList section */

/* Begin XCVersionGroup section */
		81C855011F4F4B67009B24A8 /* ZoomInTest.xcdatamodeld */ = {
			isa = XCVersionGroup;
			children = (
				81C855021F4F4B67009B24A8 /* ZoomInTest.xcdatamodel */,
			);
			currentVersion = 81C855021F4F4B67009B24A8 /* ZoomInTest.xcdatamodel */;
			path = ZoomInTest.xcdatamodeld;
			sourceTree = "<group>";
			versionGroupType = wrapper.xcdatamodel;
		};
/* End XCVersionGroup section */
	};
	rootObject = 81C854EF1F4F4B67009B24A8 /* Project object */;
}
